// !$*UTF8*$!
{
	archiveVersion = 1;
	classes = {
	};
	objectVersion = 55;
	objects = {

/* Begin PBXBuildFile section */
		2C3629B1285B071800527901 /* CoordinateSpaceView.swift in Sources */ = {isa = PBXBuildFile; fileRef = 2C3629B0285B071800527901 /* CoordinateSpaceView.swift */; };
		2C3629B3285B19B200527901 /* FrameView.swift in Sources */ = {isa = PBXBuildFile; fileRef = 2C3629B2285B19B200527901 /* FrameView.swift */; };
		2C3629B5285B1EEC00527901 /* SizeView.swift in Sources */ = {isa = PBXBuildFile; fileRef = 2C3629B4285B1EEC00527901 /* SizeView.swift */; };
		2C3629B7285B235100527901 /* LayoutPriorityView.swift in Sources */ = {isa = PBXBuildFile; fileRef = 2C3629B6285B235100527901 /* LayoutPriorityView.swift */; };
		2CC9740128586FC80039996F /* BasicApp.swift in Sources */ = {isa = PBXBuildFile; fileRef = 2CC9740028586FC80039996F /* BasicApp.swift */; };
		2CC9740328586FC80039996F /* ButtonView.swift in Sources */ = {isa = PBXBuildFile; fileRef = 2CC9740228586FC80039996F /* ButtonView.swift */; };
		2CC9740528586FC90039996F /* Assets.xcassets in Resources */ = {isa = PBXBuildFile; fileRef = 2CC9740428586FC90039996F /* Assets.xcassets */; };
		2CC9740828586FC90039996F /* Preview Assets.xcassets in Resources */ = {isa = PBXBuildFile; fileRef = 2CC9740728586FC90039996F /* Preview Assets.xcassets */; };
		2CC9740F2858796C0039996F /* StackNavigate.swift in Sources */ = {isa = PBXBuildFile; fileRef = 2CC9740E2858796C0039996F /* StackNavigate.swift */; };
		2CC974112859AE250039996F /* MasterDetailNavigate.swift in Sources */ = {isa = PBXBuildFile; fileRef = 2CC974102859AE250039996F /* MasterDetailNavigate.swift */; };
		2CC974132859B47C0039996F /* ListView.swift in Sources */ = {isa = PBXBuildFile; fileRef = 2CC974122859B47C0039996F /* ListView.swift */; };
		2CC974152859C97D0039996F /* GeometryReaderView.swift in Sources */ = {isa = PBXBuildFile; fileRef = 2CC974142859C97D0039996F /* GeometryReaderView.swift */; };
/* End PBXBuildFile section */

/* Begin PBXFileReference section */
		2C3629B0285B071800527901 /* CoordinateSpaceView.swift */ = {isa = PBXFileReference; lastKnownFileType = sourcecode.swift; path = CoordinateSpaceView.swift; sourceTree = "<group>"; };
		2C3629B2285B19B200527901 /* FrameView.swift */ = {isa = PBXFileReference; lastKnownFileType = sourcecode.swift; path = FrameView.swift; sourceTree = "<group>"; };
		2C3629B4285B1EEC00527901 /* SizeView.swift */ = {isa = PBXFileReference; lastKnownFileType = sourcecode.swift; path = SizeView.swift; sourceTree = "<group>"; };
		2C3629B6285B235100527901 /* LayoutPriorityView.swift */ = {isa = PBXFileReference; lastKnownFileType = sourcecode.swift; path = LayoutPriorityView.swift; sourceTree = "<group>"; };
		2CC973FD28586FC80039996F /* Basic.app */ = {isa = PBXFileReference; explicitFileType = wrapper.application; includeInIndex = 0; path = Basic.app; sourceTree = BUILT_PRODUCTS_DIR; };
		2CC9740028586FC80039996F /* BasicApp.swift */ = {isa = PBXFileReference; lastKnownFileType = sourcecode.swift; path = BasicApp.swift; sourceTree = "<group>"; };
		2CC9740228586FC80039996F /* ButtonView.swift */ = {isa = PBXFileReference; lastKnownFileType = sourcecode.swift; path = ButtonView.swift; sourceTree = "<group>"; };
		2CC9740428586FC90039996F /* Assets.xcassets */ = {isa = PBXFileReference; lastKnownFileType = folder.assetcatalog; path = Assets.xcassets; sourceTree = "<group>"; };
		2CC9740728586FC90039996F /* Preview Assets.xcassets */ = {isa = PBXFileReference; lastKnownFileType = folder.assetcatalog; path = "Preview Assets.xcassets"; sourceTree = "<group>"; };
		2CC9740E2858796C0039996F /* StackNavigate.swift */ = {isa = PBXFileReference; lastKnownFileType = sourcecode.swift; path = StackNavigate.swift; sourceTree = "<group>"; };
		2CC974102859AE250039996F /* MasterDetailNavigate.swift */ = {isa = PBXFileReference; lastKnownFileType = sourcecode.swift; path = MasterDetailNavigate.swift; sourceTree = "<group>"; };
		2CC974122859B47C0039996F /* ListView.swift */ = {isa = PBXFileReference; lastKnownFileType = sourcecode.swift; path = ListView.swift; sourceTree = "<group>"; };
		2CC974142859C97D0039996F /* GeometryReaderView.swift */ = {isa = PBXFileReference; lastKnownFileType = sourcecode.swift; path = GeometryReaderView.swift; sourceTree = "<group>"; };
/* End PBXFileReference section */

/* Begin PBXFrameworksBuildPhase section */
		2CC973FA28586FC80039996F /* Frameworks */ = {
			isa = PBXFrameworksBuildPhase;
			buildActionMask = 2147483647;
			files = (
			);
			runOnlyForDeploymentPostprocessing = 0;
		};
/* End PBXFrameworksBuildPhase section */

/* Begin PBXGroup section */
		2CC973F428586FC80039996F = {
			isa = PBXGroup;
			children = (
				2CC973FF28586FC80039996F /* Basic */,
				2CC973FE28586FC80039996F /* Products */,
			);
			sourceTree = "<group>";
		};
		2CC973FE28586FC80039996F /* Products */ = {
			isa = PBXGroup;
			children = (
				2CC973FD28586FC80039996F /* Basic.app */,
			);
			name = Products;
			sourceTree = "<group>";
		};
		2CC973FF28586FC80039996F /* Basic */ = {
			isa = PBXGroup;
			children = (
				2CC9740028586FC80039996F /* BasicApp.swift */,
				2CC9740228586FC80039996F /* ButtonView.swift */,
				2CC9740E2858796C0039996F /* StackNavigate.swift */,
				2CC974102859AE250039996F /* MasterDetailNavigate.swift */,
				2CC974122859B47C0039996F /* ListView.swift */,
				2CC974142859C97D0039996F /* GeometryReaderView.swift */,
				2C3629B0285B071800527901 /* CoordinateSpaceView.swift */,
				2C3629B2285B19B200527901 /* FrameView.swift */,
				2C3629B4285B1EEC00527901 /* SizeView.swift */,
				2C3629B6285B235100527901 /* LayoutPriorityView.swift */,
				2CC9740428586FC90039996F /* Assets.xcassets */,
				2CC9740628586FC90039996F /* Preview Content */,
			);
			path = Basic;
			sourceTree = "<group>";
		};
		2CC9740628586FC90039996F /* Preview Content */ = {
			isa = PBXGroup;
			children = (
				2CC9740728586FC90039996F /* Preview Assets.xcassets */,
			);
			path = "Preview Content";
			sourceTree = "<group>";
		};
/* End PBXGroup section */

/* Begin PBXNativeTarget section */
		2CC973FC28586FC80039996F /* Basic */ = {
			isa = PBXNativeTarget;
			buildConfigurationList = 2CC9740B28586FC90039996F /* Build configuration list for PBXNativeTarget "Basic" */;
			buildPhases = (
				2CC973F928586FC80039996F /* Sources */,
				2CC973FA28586FC80039996F /* Frameworks */,
				2CC973FB28586FC80039996F /* Resources */,
			);
			buildRules = (
			);
			dependencies = (
			);
			name = Basic;
			productName = Basic;
			productReference = 2CC973FD28586FC80039996F /* Basic.app */;
			productType = "com.apple.product-type.application";
		};
/* End PBXNativeTarget section */

/* Begin PBXProject section */
		2CC973F528586FC80039996F /* Project object */ = {
			isa = PBXProject;
			attributes = {
				BuildIndependentTargetsInParallel = 1;
				LastSwiftUpdateCheck = 1340;
				LastUpgradeCheck = 1340;
				TargetAttributes = {
					2CC973FC28586FC80039996F = {
						CreatedOnToolsVersion = 13.4;
					};
				};
			};
			buildConfigurationList = 2CC973F828586FC80039996F /* Build configuration list for PBXProject "Basic" */;
			compatibilityVersion = "Xcode 13.0";
			developmentRegion = en;
			hasScannedForEncodings = 0;
			knownRegions = (
				en,
				Base,
			);
			mainGroup = 2CC973F428586FC80039996F;
			productRefGroup = 2CC973FE28586FC80039996F /* Products */;
			projectDirPath = "";
			projectRoot = "";
			targets = (
				2CC973FC28586FC80039996F /* Basic */,
			);
		};
/* End PBXProject section */

/* Begin PBXResourcesBuildPhase section */
		2CC973FB28586FC80039996F /* Resources */ = {
			isa = PBXResourcesBuildPhase;
			buildActionMask = 2147483647;
			files = (
				2CC9740828586FC90039996F /* Preview Assets.xcassets in Resources */,
				2CC9740528586FC90039996F /* Assets.xcassets in Resources */,
			);
			runOnlyForDeploymentPostprocessing = 0;
		};
/* End PBXResourcesBuildPhase section */

/* Begin PBXSourcesBuildPhase section */
		2CC973F928586FC80039996F /* Sources */ = {
			isa = PBXSourcesBuildPhase;
			buildActionMask = 2147483647;
			files = (
				2C3629B5285B1EEC00527901 /* SizeView.swift in Sources */,
				2C3629B3285B19B200527901 /* FrameView.swift in Sources */,
				2CC974112859AE250039996F /* MasterDetailNavigate.swift in Sources */,
				2CC9740F2858796C0039996F /* StackNavigate.swift in Sources */,
				2CC974132859B47C0039996F /* ListView.swift in Sources */,
				2C3629B1285B071800527901 /* CoordinateSpaceView.swift in Sources */,
				2C3629B7285B235100527901 /* LayoutPriorityView.swift in Sources */,
				2CC9740328586FC80039996F /* ButtonView.swift in Sources */,
				2CC9740128586FC80039996F /* BasicApp.swift in Sources */,
				2CC974152859C97D0039996F /* GeometryReaderView.swift in Sources */,
			);
			runOnlyForDeploymentPostprocessing = 0;
		};
/* End PBXSourcesBuildPhase section */

/* Begin XCBuildConfiguration section */
		2CC9740928586FC90039996F /* Debug */ = {
			isa = XCBuildConfiguration;
			buildSettings = {
				ALWAYS_SEARCH_USER_PATHS = NO;
				CLANG_ANALYZER_NONNULL = YES;
				CLANG_ANALYZER_NUMBER_OBJECT_CONVERSION = YES_AGGRESSIVE;
				CLANG_CXX_LANGUAGE_STANDARD = "gnu++17";
				CLANG_ENABLE_MODULES = YES;
				CLANG_ENABLE_OBJC_ARC = YES;
				CLANG_ENABLE_OBJC_WEAK = YES;
				CLANG_WARN_BLOCK_CAPTURE_AUTORELEASING = YES;
				CLANG_WARN_BOOL_CONVERSION = YES;
				CLANG_WARN_COMMA = YES;
				CLANG_WARN_CONSTANT_CONVERSION = YES;
				CLANG_WARN_DEPRECATED_OBJC_IMPLEMENTATIONS = YES;
				CLANG_WARN_DIRECT_OBJC_ISA_USAGE = YES_ERROR;
				CLANG_WARN_DOCUMENTATION_COMMENTS = YES;
				CLANG_WARN_EMPTY_BODY = YES;
				CLANG_WARN_ENUM_CONVERSION = YES;
				CLANG_WARN_INFINITE_RECURSION = YES;
				CLANG_WARN_INT_CONVERSION = YES;
				CLANG_WARN_NON_LITERAL_NULL_CONVERSION = YES;
				CLANG_WARN_OBJC_IMPLICIT_RETAIN_SELF = YES;
				CLANG_WARN_OBJC_LITERAL_CONVERSION = YES;
				CLANG_WARN_OBJC_ROOT_CLASS = YES_ERROR;
				CLANG_WARN_QUOTED_INCLUDE_IN_FRAMEWORK_HEADER = YES;
				CLANG_WARN_RANGE_LOOP_ANALYSIS = YES;
				CLANG_WARN_STRICT_PROTOTYPES = YES;
				CLANG_WARN_SUSPICIOUS_MOVE = YES;
				CLANG_WARN_UNGUARDED_AVAILABILITY = YES_AGGRESSIVE;
				CLANG_WARN_UNREACHABLE_CODE = YES;
				CLANG_WARN__DUPLICATE_METHOD_MATCH = YES;
				COPY_PHASE_STRIP = NO;
				DEBUG_INFORMATION_FORMAT = dwarf;
				ENABLE_STRICT_OBJC_MSGSEND = YES;
				ENABLE_TESTABILITY = YES;
				GCC_C_LANGUAGE_STANDARD = gnu11;
				GCC_DYNAMIC_NO_PIC = NO;
				GCC_NO_COMMON_BLOCKS = YES;
				GCC_OPTIMIZATION_LEVEL = 0;
				GCC_PREPROCESSOR_DEFINITIONS = (
					"DEBUG=1",
					"$(inherited)",
				);
				GCC_WARN_64_TO_32_BIT_CONVERSION = YES;
				GCC_WARN_ABOUT_RETURN_TYPE = YES_ERROR;
				GCC_WARN_UNDECLARED_SELECTOR = YES;
				GCC_WARN_UNINITIALIZED_AUTOS = YES_AGGRESSIVE;
				GCC_WARN_UNUSED_FUNCTION = YES;
				GCC_WARN_UNUSED_VARIABLE = YES;
				IPHONEOS_DEPLOYMENT_TARGET = 15.5;
				MTL_ENABLE_DEBUG_INFO = INCLUDE_SOURCE;
				MTL_FAST_MATH = YES;
				ONLY_ACTIVE_ARCH = YES;
				SDKROOT = iphoneos;
				SWIFT_ACTIVE_COMPILATION_CONDITIONS = DEBUG;
				SWIFT_OPTIMIZATION_LEVEL = "-Onone";
			};
			name = Debug;
		};
		2CC9740A28586FC90039996F /* Release */ = {
			isa = XCBuildConfiguration;
			buildSettings = {
				ALWAYS_SEARCH_USER_PATHS = NO;
				CLANG_ANALYZER_NONNULL = YES;
				CLANG_ANALYZER_NUMBER_OBJECT_CONVERSION = YES_AGGRESSIVE;
				CLANG_CXX_LANGUAGE_STANDARD = "gnu++17";
				CLANG_ENABLE_MODULES = YES;
				CLANG_ENABLE_OBJC_ARC = YES;
				CLANG_ENABLE_OBJC_WEAK = YES;
				CLANG_WARN_BLOCK_CAPTURE_AUTORELEASING = YES;
				CLANG_WARN_BOOL_CONVERSION = YES;
				CLANG_WARN_COMMA = YES;
				CLANG_WARN_CONSTANT_CONVERSION = YES;
				CLANG_WARN_DEPRECATED_OBJC_IMPLEMENTATIONS = YES;
				CLANG_WARN_DIRECT_OBJC_ISA_USAGE = YES_ERROR;
				CLANG_WARN_DOCUMENTATION_COMMENTS = YES;
				CLANG_WARN_EMPTY_BODY = YES;
				CLANG_WARN_ENUM_CONVERSION = YES;
				CLANG_WARN_INFINITE_RECURSION = YES;
				CLANG_WARN_INT_CONVERSION = YES;
				CLANG_WARN_NON_LITERAL_NULL_CONVERSION = YES;
				CLANG_WARN_OBJC_IMPLICIT_RETAIN_SELF = YES;
				CLANG_WARN_OBJC_LITERAL_CONVERSION = YES;
				CLANG_WARN_OBJC_ROOT_CLASS = YES_ERROR;
				CLANG_WARN_QUOTED_INCLUDE_IN_FRAMEWORK_HEADER = YES;
				CLANG_WARN_RANGE_LOOP_ANALYSIS = YES;
				CLANG_WARN_STRICT_PROTOTYPES = YES;
				CLANG_WARN_SUSPICIOUS_MOVE = YES;
				CLANG_WARN_UNGUARDED_AVAILABILITY = YES_AGGRESSIVE;
				CLANG_WARN_UNREACHABLE_CODE = YES;
				CLANG_WARN__DUPLICATE_METHOD_MATCH = YES;
				COPY_PHASE_STRIP = NO;
				DEBUG_INFORMATION_FORMAT = "dwarf-with-dsym";
				ENABLE_NS_ASSERTIONS = NO;
				ENABLE_STRICT_OBJC_MSGSEND = YES;
				GCC_C_LANGUAGE_STANDARD = gnu11;
				GCC_NO_COMMON_BLOCKS = YES;
				GCC_WARN_64_TO_32_BIT_CONVERSION = YES;
				GCC_WARN_ABOUT_RETURN_TYPE = YES_ERROR;
				GCC_WARN_UNDECLARED_SELECTOR = YES;
				GCC_WARN_UNINITIALIZED_AUTOS = YES_AGGRESSIVE;
				GCC_WARN_UNUSED_FUNCTION = YES;
				GCC_WARN_UNUSED_VARIABLE = YES;
				IPHONEOS_DEPLOYMENT_TARGET = 15.5;
				MTL_ENABLE_DEBUG_INFO = NO;
				MTL_FAST_MATH = YES;
				SDKROOT = iphoneos;
				SWIFT_COMPILATION_MODE = wholemodule;
				SWIFT_OPTIMIZATION_LEVEL = "-O";
				VALIDATE_PRODUCT = YES;
			};
			name = Release;
		};
		2CC9740C28586FC90039996F /* Debug */ = {
			isa = XCBuildConfiguration;
			buildSettings = {
				ASSETCATALOG_COMPILER_APPICON_NAME = AppIcon;
				ASSETCATALOG_COMPILER_GLOBAL_ACCENT_COLOR_NAME = AccentColor;
				CODE_SIGN_STYLE = Automatic;
				CURRENT_PROJECT_VERSION = 1;
				DEVELOPMENT_ASSET_PATHS = "\"Basic/Preview Content\"";
				DEVELOPMENT_TEAM = 6U792A794H;
				ENABLE_PREVIEWS = YES;
				GENERATE_INFOPLIST_FILE = YES;
				INFOPLIST_KEY_UIApplicationSceneManifest_Generation = YES;
				INFOPLIST_KEY_UIApplicationSupportsIndirectInputEvents = YES;
				INFOPLIST_KEY_UILaunchScreen_Generation = YES;
				INFOPLIST_KEY_UISupportedInterfaceOrientations_iPad = "UIInterfaceOrientationPortrait UIInterfaceOrientationPortraitUpsideDown UIInterfaceOrientationLandscapeLeft UIInterfaceOrientationLandscapeRight";
				INFOPLIST_KEY_UISupportedInterfaceOrientations_iPhone = "UIInterfaceOrientationPortrait UIInterfaceOrientationLandscapeLeft UIInterfaceOrientationLandscapeRight";
				LD_RUNPATH_SEARCH_PATHS = (
					"$(inherited)",
					"@executable_path/Frameworks",
				);
				MARKETING_VERSION = 1.0;
				PRODUCT_BUNDLE_IDENTIFIER = com.xho95.Basic;
				PRODUCT_NAME = "$(TARGET_NAME)";
				SWIFT_EMIT_LOC_STRINGS = YES;
				SWIFT_VERSION = 5.0;
				TARGETED_DEVICE_FAMILY = "1,2";
			};
			name = Debug;
		};
		2CC9740D28586FC90039996F /* Release */ = {
			isa = XCBuildConfiguration;
			buildSettings = {
				ASSETCATALOG_COMPILER_APPICON_NAME = AppIcon;
				ASSETCATALOG_COMPILER_GLOBAL_ACCENT_COLOR_NAME = AccentColor;
				CODE_SIGN_STYLE = Automatic;
				CURRENT_PROJECT_VERSION = 1;
				DEVELOPMENT_ASSET_PATHS = "\"Basic/Preview Content\"";
				DEVELOPMENT_TEAM = 6U792A794H;
				ENABLE_PREVIEWS = YES;
				GENERATE_INFOPLIST_FILE = YES;
				INFOPLIST_KEY_UIApplicationSceneManifest_Generation = YES;
				INFOPLIST_KEY_UIApplicationSupportsIndirectInputEvents = YES;
				INFOPLIST_KEY_UILaunchScreen_Generation = YES;
				INFOPLIST_KEY_UISupportedInterfaceOrientations_iPad = "UIInterfaceOrientationPortrait UIInterfaceOrientationPortraitUpsideDown UIInterfaceOrientationLandscapeLeft UIInterfaceOrientationLandscapeRight";
				INFOPLIST_KEY_UISupportedInterfaceOrientations_iPhone = "UIInterfaceOrientationPortrait UIInterfaceOrientationLandscapeLeft UIInterfaceOrientationLandscapeRight";
				LD_RUNPATH_SEARCH_PATHS = (
					"$(inherited)",
					"@executable_path/Frameworks",
				);
				MARKETING_VERSION = 1.0;
				PRODUCT_BUNDLE_IDENTIFIER = com.xho95.Basic;
				PRODUCT_NAME = "$(TARGET_NAME)";
				SWIFT_EMIT_LOC_STRINGS = YES;
				SWIFT_VERSION = 5.0;
				TARGETED_DEVICE_FAMILY = "1,2";
			};
			name = Release;
		};
/* End XCBuildConfiguration section */

/* Begin XCConfigurationList section */
		2CC973F828586FC80039996F /* Build configuration list for PBXProject "Basic" */ = {
			isa = XCConfigurationList;
			buildConfigurations = (
				2CC9740928586FC90039996F /* Debug */,
				2CC9740A28586FC90039996F /* Release */,
			);
			defaultConfigurationIsVisible = 0;
			defaultConfigurationName = Release;
		};
		2CC9740B28586FC90039996F /* Build configuration list for PBXNativeTarget "Basic" */ = {
			isa = XCConfigurationList;
			buildConfigurations = (
				2CC9740C28586FC90039996F /* Debug */,
				2CC9740D28586FC90039996F /* Release */,
			);
			defaultConfigurationIsVisible = 0;
			defaultConfigurationName = Release;
		};
/* End XCConfigurationList section */
	};
	rootObject = 2CC973F528586FC80039996F /* Project object */;
}
